// !$*UTF8*$!
{
	archiveVersion = 1;
	classes = {
	};
	objectVersion = 52;
	objects = {

/* Begin PBXBuildFile section */
		2326612F2494FD3B005EAAFD /* RegisteredCheckEmailView.swift in Sources */ = {isa = PBXBuildFile; fileRef = 2326612E2494FD3B005EAAFD /* RegisteredCheckEmailView.swift */; };
		23266133249508B8005EAAFD /* View-hidden.swift in Sources */ = {isa = PBXBuildFile; fileRef = 23266132249508B8005EAAFD /* View-hidden.swift */; };
		234AC6462440A45E000D15AD /* AppDelegate.swift in Sources */ = {isa = PBXBuildFile; fileRef = 234AC6452440A45E000D15AD /* AppDelegate.swift */; };
		234AC6482440A45E000D15AD /* SceneDelegate.swift in Sources */ = {isa = PBXBuildFile; fileRef = 234AC6472440A45E000D15AD /* SceneDelegate.swift */; };
		234AC64A2440A45E000D15AD /* ContentView.swift in Sources */ = {isa = PBXBuildFile; fileRef = 234AC6492440A45E000D15AD /* ContentView.swift */; };
		234AC64C2440A45F000D15AD /* Assets.xcassets in Resources */ = {isa = PBXBuildFile; fileRef = 234AC64B2440A45F000D15AD /* Assets.xcassets */; };
		234AC64F2440A45F000D15AD /* Preview Assets.xcassets in Resources */ = {isa = PBXBuildFile; fileRef = 234AC64E2440A45F000D15AD /* Preview Assets.xcassets */; };
		234AC6522440A45F000D15AD /* LaunchScreen.storyboard in Resources */ = {isa = PBXBuildFile; fileRef = 234AC6502440A45F000D15AD /* LaunchScreen.storyboard */; };
		234AC65A2440AF92000D15AD /* RegisterView.swift in Sources */ = {isa = PBXBuildFile; fileRef = 234AC6592440AF92000D15AD /* RegisterView.swift */; };
		234AC65C2440B0EE000D15AD /* SignInView.swift in Sources */ = {isa = PBXBuildFile; fileRef = 234AC65B2440B0EE000D15AD /* SignInView.swift */; };
		234AC67A2440E041000D15AD /* BoneTextField.swift in Sources */ = {isa = PBXBuildFile; fileRef = 234AC6792440E041000D15AD /* BoneTextField.swift */; };
		234AC67C2440E224000D15AD /* BoneSecureField.swift in Sources */ = {isa = PBXBuildFile; fileRef = 234AC67B2440E224000D15AD /* BoneSecureField.swift */; };
		234AC67E2440FA50000D15AD /* AppConfig.swift in Sources */ = {isa = PBXBuildFile; fileRef = 234AC67D2440FA50000D15AD /* AppConfig.swift */; };
		23538AC524911B67008526D1 /* UserRegistrationRequest.swift in Sources */ = {isa = PBXBuildFile; fileRef = 23538AC424911B67008526D1 /* UserRegistrationRequest.swift */; };
		23592D32245C76FE00317D70 /* BoneUser.swift in Sources */ = {isa = PBXBuildFile; fileRef = 23592D31245C76FE00317D70 /* BoneUser.swift */; };
		23592D382462365B00317D70 /* BonePerson.swift in Sources */ = {isa = PBXBuildFile; fileRef = 23592D372462365B00317D70 /* BonePerson.swift */; };
		23599E442473CB78002B28C9 /* KeychainItemAccessibility.swift in Sources */ = {isa = PBXBuildFile; fileRef = 23599E422473CB77002B28C9 /* KeychainItemAccessibility.swift */; };
		23599E452473CB78002B28C9 /* KeychainWrapper.swift in Sources */ = {isa = PBXBuildFile; fileRef = 23599E432473CB78002B28C9 /* KeychainWrapper.swift */; };
		235EB8CA2485133D0059DBBE /* ClientRegistrationRequest.swift in Sources */ = {isa = PBXBuildFile; fileRef = 235EB8C92485133D0059DBBE /* ClientRegistrationRequest.swift */; };
		23CED35E2457669B00861F3B /* HomeView.swift in Sources */ = {isa = PBXBuildFile; fileRef = 23CED35D2457669B00861F3B /* HomeView.swift */; };
		23FC1E4A2449D2720077AC76 /* Alamofire in Frameworks */ = {isa = PBXBuildFile; productRef = 23FC1E492449D2720077AC76 /* Alamofire */; };
		23FC1E4D2449D2F00077AC76 /* OAuth2 in Frameworks */ = {isa = PBXBuildFile; productRef = 23FC1E4C2449D2F00077AC76 /* OAuth2 */; };
		23FC1E4F2449D6260077AC76 /* OAuthManager.swift in Sources */ = {isa = PBXBuildFile; fileRef = 23FC1E4E2449D6260077AC76 /* OAuthManager.swift */; };
		23FC1E562449DCF90077AC76 /* Moya in Frameworks */ = {isa = PBXBuildFile; productRef = 23FC1E552449DCF90077AC76 /* Moya */; };
		23FC1E582449DD170077AC76 /* ApiServices.swift in Sources */ = {isa = PBXBuildFile; fileRef = 23FC1E572449DD170077AC76 /* ApiServices.swift */; };
		23FC1E5A2449DEC30077AC76 /* OAuth2RetryHandler.swift in Sources */ = {isa = PBXBuildFile; fileRef = 23FC1E592449DEC30077AC76 /* OAuth2RetryHandler.swift */; };
/* End PBXBuildFile section */

/* Begin PBXCopyFilesBuildPhase section */
		234AC6822441116F000D15AD /* Embed Frameworks */ = {
			isa = PBXCopyFilesBuildPhase;
			buildActionMask = 2147483647;
			dstPath = "";
			dstSubfolderSpec = 10;
			files = (
			);
			name = "Embed Frameworks";
			runOnlyForDeploymentPostprocessing = 0;
		};
/* End PBXCopyFilesBuildPhase section */

/* Begin PBXFileReference section */
		2326612E2494FD3B005EAAFD /* RegisteredCheckEmailView.swift */ = {isa = PBXFileReference; lastKnownFileType = sourcecode.swift; path = RegisteredCheckEmailView.swift; sourceTree = "<group>"; };
		23266132249508B8005EAAFD /* View-hidden.swift */ = {isa = PBXFileReference; lastKnownFileType = sourcecode.swift; path = "View-hidden.swift"; sourceTree = "<group>"; };
		234AC6422440A45E000D15AD /* Bone iOS.app */ = {isa = PBXFileReference; explicitFileType = wrapper.application; includeInIndex = 0; path = "Bone iOS.app"; sourceTree = BUILT_PRODUCTS_DIR; };
		234AC6452440A45E000D15AD /* AppDelegate.swift */ = {isa = PBXFileReference; lastKnownFileType = sourcecode.swift; path = AppDelegate.swift; sourceTree = "<group>"; };
		234AC6472440A45E000D15AD /* SceneDelegate.swift */ = {isa = PBXFileReference; lastKnownFileType = sourcecode.swift; path = SceneDelegate.swift; sourceTree = "<group>"; };
		234AC6492440A45E000D15AD /* ContentView.swift */ = {isa = PBXFileReference; lastKnownFileType = sourcecode.swift; path = ContentView.swift; sourceTree = "<group>"; };
		234AC64B2440A45F000D15AD /* Assets.xcassets */ = {isa = PBXFileReference; lastKnownFileType = folder.assetcatalog; path = Assets.xcassets; sourceTree = "<group>"; };
		234AC64E2440A45F000D15AD /* Preview Assets.xcassets */ = {isa = PBXFileReference; lastKnownFileType = folder.assetcatalog; path = "Preview Assets.xcassets"; sourceTree = "<group>"; };
		234AC6512440A45F000D15AD /* Base */ = {isa = PBXFileReference; lastKnownFileType = file.storyboard; name = Base; path = Base.lproj/LaunchScreen.storyboard; sourceTree = "<group>"; };
		234AC6532440A45F000D15AD /* Info.plist */ = {isa = PBXFileReference; lastKnownFileType = text.plist.xml; path = Info.plist; sourceTree = "<group>"; };
		234AC6592440AF92000D15AD /* RegisterView.swift */ = {isa = PBXFileReference; lastKnownFileType = sourcecode.swift; path = RegisterView.swift; sourceTree = "<group>"; };
		234AC65B2440B0EE000D15AD /* SignInView.swift */ = {isa = PBXFileReference; lastKnownFileType = sourcecode.swift; path = SignInView.swift; sourceTree = "<group>"; };
		234AC6792440E041000D15AD /* BoneTextField.swift */ = {isa = PBXFileReference; lastKnownFileType = sourcecode.swift; path = BoneTextField.swift; sourceTree = "<group>"; };
		234AC67B2440E224000D15AD /* BoneSecureField.swift */ = {isa = PBXFileReference; lastKnownFileType = sourcecode.swift; path = BoneSecureField.swift; sourceTree = "<group>"; };
		234AC67D2440FA50000D15AD /* AppConfig.swift */ = {isa = PBXFileReference; lastKnownFileType = sourcecode.swift; path = AppConfig.swift; sourceTree = "<group>"; };
		23538AC424911B67008526D1 /* UserRegistrationRequest.swift */ = {isa = PBXFileReference; lastKnownFileType = sourcecode.swift; path = UserRegistrationRequest.swift; sourceTree = "<group>"; };
		23592D31245C76FE00317D70 /* BoneUser.swift */ = {isa = PBXFileReference; lastKnownFileType = sourcecode.swift; path = BoneUser.swift; sourceTree = "<group>"; };
		23592D372462365B00317D70 /* BonePerson.swift */ = {isa = PBXFileReference; lastKnownFileType = sourcecode.swift; path = BonePerson.swift; sourceTree = "<group>"; };
		23599E422473CB77002B28C9 /* KeychainItemAccessibility.swift */ = {isa = PBXFileReference; fileEncoding = 4; lastKnownFileType = sourcecode.swift; path = KeychainItemAccessibility.swift; sourceTree = "<group>"; };
		23599E432473CB78002B28C9 /* KeychainWrapper.swift */ = {isa = PBXFileReference; fileEncoding = 4; lastKnownFileType = sourcecode.swift; path = KeychainWrapper.swift; sourceTree = "<group>"; };
		235EB8C92485133D0059DBBE /* ClientRegistrationRequest.swift */ = {isa = PBXFileReference; lastKnownFileType = sourcecode.swift; path = ClientRegistrationRequest.swift; sourceTree = "<group>"; };
		23CED35D2457669B00861F3B /* HomeView.swift */ = {isa = PBXFileReference; lastKnownFileType = sourcecode.swift; path = HomeView.swift; sourceTree = "<group>"; };
		23FC1E4E2449D6260077AC76 /* OAuthManager.swift */ = {isa = PBXFileReference; lastKnownFileType = sourcecode.swift; path = OAuthManager.swift; sourceTree = "<group>"; };
		23FC1E572449DD170077AC76 /* ApiServices.swift */ = {isa = PBXFileReference; lastKnownFileType = sourcecode.swift; path = ApiServices.swift; sourceTree = "<group>"; };
		23FC1E592449DEC30077AC76 /* OAuth2RetryHandler.swift */ = {isa = PBXFileReference; lastKnownFileType = sourcecode.swift; path = OAuth2RetryHandler.swift; sourceTree = "<group>"; };
/* End PBXFileReference section */

/* Begin PBXFrameworksBuildPhase section */
		234AC63F2440A45E000D15AD /* Frameworks */ = {
			isa = PBXFrameworksBuildPhase;
			buildActionMask = 2147483647;
			files = (
				23FC1E4A2449D2720077AC76 /* Alamofire in Frameworks */,
				23FC1E4D2449D2F00077AC76 /* OAuth2 in Frameworks */,
				23FC1E562449DCF90077AC76 /* Moya in Frameworks */,
			);
			runOnlyForDeploymentPostprocessing = 0;
		};
/* End PBXFrameworksBuildPhase section */

/* Begin PBXGroup section */
		234AC6392440A45E000D15AD = {
			isa = PBXGroup;
			children = (
				234AC6442440A45E000D15AD /* Bone iOS */,
				234AC6432440A45E000D15AD /* Products */,
				234AC67F2441116F000D15AD /* Frameworks */,
			);
			sourceTree = "<group>";
		};
		234AC6432440A45E000D15AD /* Products */ = {
			isa = PBXGroup;
			children = (
				234AC6422440A45E000D15AD /* Bone iOS.app */,
			);
			name = Products;
			sourceTree = "<group>";
		};
		234AC6442440A45E000D15AD /* Bone iOS */ = {
			isa = PBXGroup;
			children = (
				23FC1E572449DD170077AC76 /* ApiServices.swift */,
				234AC67D2440FA50000D15AD /* AppConfig.swift */,
				234AC6452440A45E000D15AD /* AppDelegate.swift */,
				234AC64B2440A45F000D15AD /* Assets.xcassets */,
				23592D372462365B00317D70 /* BonePerson.swift */,
				234AC67B2440E224000D15AD /* BoneSecureField.swift */,
				234AC6792440E041000D15AD /* BoneTextField.swift */,
				23592D31245C76FE00317D70 /* BoneUser.swift */,
				235EB8C92485133D0059DBBE /* ClientRegistrationRequest.swift */,
				234AC6492440A45E000D15AD /* ContentView.swift */,
				23CED35D2457669B00861F3B /* HomeView.swift */,
				234AC6532440A45F000D15AD /* Info.plist */,
				23599E422473CB77002B28C9 /* KeychainItemAccessibility.swift */,
				23599E432473CB78002B28C9 /* KeychainWrapper.swift */,
				234AC6502440A45F000D15AD /* LaunchScreen.storyboard */,
				23FC1E592449DEC30077AC76 /* OAuth2RetryHandler.swift */,
				23FC1E4E2449D6260077AC76 /* OAuthManager.swift */,
				234AC64D2440A45F000D15AD /* Preview Content */,
				234AC6592440AF92000D15AD /* RegisterView.swift */,
				2326612E2494FD3B005EAAFD /* RegisteredCheckEmailView.swift */,
				234AC6472440A45E000D15AD /* SceneDelegate.swift */,
				234AC65B2440B0EE000D15AD /* SignInView.swift */,
				23538AC424911B67008526D1 /* UserRegistrationRequest.swift */,
				23266132249508B8005EAAFD /* View-hidden.swift */,
			);
			path = "Bone iOS";
			sourceTree = "<group>";
		};
		234AC64D2440A45F000D15AD /* Preview Content */ = {
			isa = PBXGroup;
			children = (
				234AC64E2440A45F000D15AD /* Preview Assets.xcassets */,
			);
			path = "Preview Content";
			sourceTree = "<group>";
		};
		234AC67F2441116F000D15AD /* Frameworks */ = {
			isa = PBXGroup;
			children = (
			);
			name = Frameworks;
			sourceTree = "<group>";
		};
/* End PBXGroup section */

/* Begin PBXNativeTarget section */
		234AC6412440A45E000D15AD /* Bone iOS */ = {
			isa = PBXNativeTarget;
			buildConfigurationList = 234AC6562440A45F000D15AD /* Build configuration list for PBXNativeTarget "Bone iOS" */;
			buildPhases = (
				234AC63E2440A45E000D15AD /* Sources */,
				234AC63F2440A45E000D15AD /* Frameworks */,
				234AC6402440A45E000D15AD /* Resources */,
				234AC6822441116F000D15AD /* Embed Frameworks */,
			);
			buildRules = (
			);
			dependencies = (
				23FC1E532449D80C0077AC76 /* PBXTargetDependency */,
				23FC1E512449D8010077AC76 /* PBXTargetDependency */,
			);
			name = "Bone iOS";
			packageProductDependencies = (
				23FC1E492449D2720077AC76 /* Alamofire */,
				23FC1E4C2449D2F00077AC76 /* OAuth2 */,
				23FC1E552449DCF90077AC76 /* Moya */,
			);
			productName = "Bone iOS";
			productReference = 234AC6422440A45E000D15AD /* Bone iOS.app */;
			productType = "com.apple.product-type.application";
		};
/* End PBXNativeTarget section */

/* Begin PBXProject section */
		234AC63A2440A45E000D15AD /* Project object */ = {
			isa = PBXProject;
			attributes = {
				LastSwiftUpdateCheck = 1140;
				LastUpgradeCheck = 1140;
				ORGANIZATIONNAME = "Derek Stephen McLean";
				TargetAttributes = {
					234AC6412440A45E000D15AD = {
						CreatedOnToolsVersion = 11.4;
					};
				};
			};
			buildConfigurationList = 234AC63D2440A45E000D15AD /* Build configuration list for PBXProject "Bone iOS" */;
			compatibilityVersion = "Xcode 9.3";
			developmentRegion = en;
			hasScannedForEncodings = 0;
			knownRegions = (
				en,
				Base,
			);
			mainGroup = 234AC6392440A45E000D15AD;
			packageReferences = (
				23FC1E482449D2720077AC76 /* XCRemoteSwiftPackageReference "Alamofire" */,
				23FC1E4B2449D2F00077AC76 /* XCRemoteSwiftPackageReference "OAuth2" */,
				23FC1E542449DCF90077AC76 /* XCRemoteSwiftPackageReference "Moya" */,
			);
			productRefGroup = 234AC6432440A45E000D15AD /* Products */;
			projectDirPath = "";
			projectRoot = "";
			targets = (
				234AC6412440A45E000D15AD /* Bone iOS */,
			);
		};
/* End PBXProject section */

/* Begin PBXResourcesBuildPhase section */
		234AC6402440A45E000D15AD /* Resources */ = {
			isa = PBXResourcesBuildPhase;
			buildActionMask = 2147483647;
			files = (
				234AC6522440A45F000D15AD /* LaunchScreen.storyboard in Resources */,
				234AC64F2440A45F000D15AD /* Preview Assets.xcassets in Resources */,
				234AC64C2440A45F000D15AD /* Assets.xcassets in Resources */,
			);
			runOnlyForDeploymentPostprocessing = 0;
		};
/* End PBXResourcesBuildPhase section */

/* Begin PBXSourcesBuildPhase section */
		234AC63E2440A45E000D15AD /* Sources */ = {
			isa = PBXSourcesBuildPhase;
			buildActionMask = 2147483647;
			files = (
				234AC67E2440FA50000D15AD /* AppConfig.swift in Sources */,
				234AC6462440A45E000D15AD /* AppDelegate.swift in Sources */,
				234AC65A2440AF92000D15AD /* RegisterView.swift in Sources */,
				23538AC524911B67008526D1 /* UserRegistrationRequest.swift in Sources */,
				23266133249508B8005EAAFD /* View-hidden.swift in Sources */,
				23FC1E5A2449DEC30077AC76 /* OAuth2RetryHandler.swift in Sources */,
				234AC67A2440E041000D15AD /* BoneTextField.swift in Sources */,
				23FC1E582449DD170077AC76 /* ApiServices.swift in Sources */,
				235EB8CA2485133D0059DBBE /* ClientRegistrationRequest.swift in Sources */,
				23592D382462365B00317D70 /* BonePerson.swift in Sources */,
				234AC6482440A45E000D15AD /* SceneDelegate.swift in Sources */,
				23599E442473CB78002B28C9 /* KeychainItemAccessibility.swift in Sources */,
				23FC1E4F2449D6260077AC76 /* OAuthManager.swift in Sources */,
				234AC64A2440A45E000D15AD /* ContentView.swift in Sources */,
				23CED35E2457669B00861F3B /* HomeView.swift in Sources */,
				234AC65C2440B0EE000D15AD /* SignInView.swift in Sources */,
				23599E452473CB78002B28C9 /* KeychainWrapper.swift in Sources */,
				2326612F2494FD3B005EAAFD /* RegisteredCheckEmailView.swift in Sources */,
				234AC67C2440E224000D15AD /* BoneSecureField.swift in Sources */,
				23592D32245C76FE00317D70 /* BoneUser.swift in Sources */,
			);
			runOnlyForDeploymentPostprocessing = 0;
		};
/* End PBXSourcesBuildPhase section */

/* Begin PBXTargetDependency section */
		23FC1E512449D8010077AC76 /* PBXTargetDependency */ = {
			isa = PBXTargetDependency;
			productRef = 23FC1E502449D8010077AC76 /* OAuth2 */;
		};
		23FC1E532449D80C0077AC76 /* PBXTargetDependency */ = {
			isa = PBXTargetDependency;
			productRef = 23FC1E522449D80C0077AC76 /* Alamofire */;
		};
/* End PBXTargetDependency section */

/* Begin PBXVariantGroup section */
		234AC6502440A45F000D15AD /* LaunchScreen.storyboard */ = {
			isa = PBXVariantGroup;
			children = (
				234AC6512440A45F000D15AD /* Base */,
			);
			name = LaunchScreen.storyboard;
			sourceTree = "<group>";
		};
/* End PBXVariantGroup section */

/* Begin XCBuildConfiguration section */
		234AC6542440A45F000D15AD /* Debug */ = {
			isa = XCBuildConfiguration;
			buildSettings = {
				ALWAYS_SEARCH_USER_PATHS = NO;
				CLANG_ANALYZER_NONNULL = YES;
				CLANG_ANALYZER_NUMBER_OBJECT_CONVERSION = YES_AGGRESSIVE;
				CLANG_CXX_LANGUAGE_STANDARD = "gnu++14";
				CLANG_CXX_LIBRARY = "libc++";
				CLANG_ENABLE_MODULES = YES;
				CLANG_ENABLE_OBJC_ARC = YES;
				CLANG_ENABLE_OBJC_WEAK = YES;
				CLANG_WARN_BLOCK_CAPTURE_AUTORELEASING = YES;
				CLANG_WARN_BOOL_CONVERSION = YES;
				CLANG_WARN_COMMA = YES;
				CLANG_WARN_CONSTANT_CONVERSION = YES;
				CLANG_WARN_DEPRECATED_OBJC_IMPLEMENTATIONS = YES;
				CLANG_WARN_DIRECT_OBJC_ISA_USAGE = YES_ERROR;
				CLANG_WARN_DOCUMENTATION_COMMENTS = YES;
				CLANG_WARN_EMPTY_BODY = YES;
				CLANG_WARN_ENUM_CONVERSION = YES;
				CLANG_WARN_INFINITE_RECURSION = YES;
				CLANG_WARN_INT_CONVERSION = YES;
				CLANG_WARN_NON_LITERAL_NULL_CONVERSION = YES;
				CLANG_WARN_OBJC_IMPLICIT_RETAIN_SELF = YES;
				CLANG_WARN_OBJC_LITERAL_CONVERSION = YES;
				CLANG_WARN_OBJC_ROOT_CLASS = YES_ERROR;
				CLANG_WARN_RANGE_LOOP_ANALYSIS = YES;
				CLANG_WARN_STRICT_PROTOTYPES = YES;
				CLANG_WARN_SUSPICIOUS_MOVE = YES;
				CLANG_WARN_UNGUARDED_AVAILABILITY = YES_AGGRESSIVE;
				CLANG_WARN_UNREACHABLE_CODE = YES;
				CLANG_WARN__DUPLICATE_METHOD_MATCH = YES;
				COPY_PHASE_STRIP = NO;
				DEBUG_INFORMATION_FORMAT = dwarf;
				ENABLE_STRICT_OBJC_MSGSEND = YES;
				ENABLE_TESTABILITY = YES;
				GCC_C_LANGUAGE_STANDARD = gnu11;
				GCC_DYNAMIC_NO_PIC = NO;
				GCC_NO_COMMON_BLOCKS = YES;
				GCC_OPTIMIZATION_LEVEL = 0;
				GCC_PREPROCESSOR_DEFINITIONS = (
					"DEBUG=1",
					"$(inherited)",
				);
				GCC_WARN_64_TO_32_BIT_CONVERSION = YES;
				GCC_WARN_ABOUT_RETURN_TYPE = YES_ERROR;
				GCC_WARN_UNDECLARED_SELECTOR = YES;
				GCC_WARN_UNINITIALIZED_AUTOS = YES_AGGRESSIVE;
				GCC_WARN_UNUSED_FUNCTION = YES;
				GCC_WARN_UNUSED_VARIABLE = YES;
				IPHONEOS_DEPLOYMENT_TARGET = 13.4;
				MTL_ENABLE_DEBUG_INFO = INCLUDE_SOURCE;
				MTL_FAST_MATH = YES;
				ONLY_ACTIVE_ARCH = YES;
				SDKROOT = iphoneos;
				SWIFT_ACTIVE_COMPILATION_CONDITIONS = DEBUG;
				SWIFT_OPTIMIZATION_LEVEL = "-Onone";
			};
			name = Debug;
		};
		234AC6552440A45F000D15AD /* Release */ = {
			isa = XCBuildConfiguration;
			buildSettings = {
				ALWAYS_SEARCH_USER_PATHS = NO;
				CLANG_ANALYZER_NONNULL = YES;
				CLANG_ANALYZER_NUMBER_OBJECT_CONVERSION = YES_AGGRESSIVE;
				CLANG_CXX_LANGUAGE_STANDARD = "gnu++14";
				CLANG_CXX_LIBRARY = "libc++";
				CLANG_ENABLE_MODULES = YES;
				CLANG_ENABLE_OBJC_ARC = YES;
				CLANG_ENABLE_OBJC_WEAK = YES;
				CLANG_WARN_BLOCK_CAPTURE_AUTORELEASING = YES;
				CLANG_WARN_BOOL_CONVERSION = YES;
				CLANG_WARN_COMMA = YES;
				CLANG_WARN_CONSTANT_CONVERSION = YES;
				CLANG_WARN_DEPRECATED_OBJC_IMPLEMENTATIONS = YES;
				CLANG_WARN_DIRECT_OBJC_ISA_USAGE = YES_ERROR;
				CLANG_WARN_DOCUMENTATION_COMMENTS = YES;
				CLANG_WARN_EMPTY_BODY = YES;
				CLANG_WARN_ENUM_CONVERSION = YES;
				CLANG_WARN_INFINITE_RECURSION = YES;
				CLANG_WARN_INT_CONVERSION = YES;
				CLANG_WARN_NON_LITERAL_NULL_CONVERSION = YES;
				CLANG_WARN_OBJC_IMPLICIT_RETAIN_SELF = YES;
				CLANG_WARN_OBJC_LITERAL_CONVERSION = YES;
				CLANG_WARN_OBJC_ROOT_CLASS = YES_ERROR;
				CLANG_WARN_RANGE_LOOP_ANALYSIS = YES;
				CLANG_WARN_STRICT_PROTOTYPES = YES;
				CLANG_WARN_SUSPICIOUS_MOVE = YES;
				CLANG_WARN_UNGUARDED_AVAILABILITY = YES_AGGRESSIVE;
				CLANG_WARN_UNREACHABLE_CODE = YES;
				CLANG_WARN__DUPLICATE_METHOD_MATCH = YES;
				COPY_PHASE_STRIP = NO;
				DEBUG_INFORMATION_FORMAT = "dwarf-with-dsym";
				ENABLE_NS_ASSERTIONS = NO;
				ENABLE_STRICT_OBJC_MSGSEND = YES;
				GCC_C_LANGUAGE_STANDARD = gnu11;
				GCC_NO_COMMON_BLOCKS = YES;
				GCC_WARN_64_TO_32_BIT_CONVERSION = YES;
				GCC_WARN_ABOUT_RETURN_TYPE = YES_ERROR;
				GCC_WARN_UNDECLARED_SELECTOR = YES;
				GCC_WARN_UNINITIALIZED_AUTOS = YES_AGGRESSIVE;
				GCC_WARN_UNUSED_FUNCTION = YES;
				GCC_WARN_UNUSED_VARIABLE = YES;
				IPHONEOS_DEPLOYMENT_TARGET = 13.4;
				MTL_ENABLE_DEBUG_INFO = NO;
				MTL_FAST_MATH = YES;
				SDKROOT = iphoneos;
				SWIFT_COMPILATION_MODE = wholemodule;
				SWIFT_OPTIMIZATION_LEVEL = "-O";
				VALIDATE_PRODUCT = YES;
			};
			name = Release;
		};
		234AC6572440A45F000D15AD /* Debug */ = {
			isa = XCBuildConfiguration;
			buildSettings = {
				ASSETCATALOG_COMPILER_APPICON_NAME = AppIcon;
				CODE_SIGN_STYLE = Automatic;
				DEVELOPMENT_ASSET_PATHS = "\"Bone iOS/Preview Content\"";
				DEVELOPMENT_TEAM = 9P7J2HUQR9;
				ENABLE_PREVIEWS = YES;
				INFOPLIST_FILE = "Bone iOS/Info.plist";
				LD_RUNPATH_SEARCH_PATHS = (
					"$(inherited)",
					"@executable_path/Frameworks",
				);
				PRODUCT_BUNDLE_IDENTIFIER = "uk.co.mcleandigital.Bone-iOS";
				PRODUCT_NAME = "$(TARGET_NAME)";
				SWIFT_VERSION = 5.0;
				TARGETED_DEVICE_FAMILY = "1,2";
			};
			name = Debug;
		};
		234AC6582440A45F000D15AD /* Release */ = {
			isa = XCBuildConfiguration;
			buildSettings = {
				ASSETCATALOG_COMPILER_APPICON_NAME = AppIcon;
				CODE_SIGN_STYLE = Automatic;
				DEVELOPMENT_ASSET_PATHS = "\"Bone iOS/Preview Content\"";
				DEVELOPMENT_TEAM = 9P7J2HUQR9;
				ENABLE_PREVIEWS = YES;
				INFOPLIST_FILE = "Bone iOS/Info.plist";
				LD_RUNPATH_SEARCH_PATHS = (
					"$(inherited)",
					"@executable_path/Frameworks",
				);
				PRODUCT_BUNDLE_IDENTIFIER = "uk.co.mcleandigital.Bone-iOS";
				PRODUCT_NAME = "$(TARGET_NAME)";
				SWIFT_VERSION = 5.0;
				TARGETED_DEVICE_FAMILY = "1,2";
			};
			name = Release;
		};
/* End XCBuildConfiguration section */

/* Begin XCConfigurationList section */
		234AC63D2440A45E000D15AD /* Build configuration list for PBXProject "Bone iOS" */ = {
			isa = XCConfigurationList;
			buildConfigurations = (
				234AC6542440A45F000D15AD /* Debug */,
				234AC6552440A45F000D15AD /* Release */,
			);
			defaultConfigurationIsVisible = 0;
			defaultConfigurationName = Release;
		};
		234AC6562440A45F000D15AD /* Build configuration list for PBXNativeTarget "Bone iOS" */ = {
			isa = XCConfigurationList;
			buildConfigurations = (
				234AC6572440A45F000D15AD /* Debug */,
				234AC6582440A45F000D15AD /* Release */,
			);
			defaultConfigurationIsVisible = 0;
			defaultConfigurationName = Release;
		};
/* End XCConfigurationList section */

/* Begin XCRemoteSwiftPackageReference section */
		23FC1E482449D2720077AC76 /* XCRemoteSwiftPackageReference "Alamofire" */ = {
			isa = XCRemoteSwiftPackageReference;
			repositoryURL = "https://github.com/Alamofire/Alamofire.git";
			requirement = {
				kind = upToNextMajorVersion;
				minimumVersion = 5.1.0;
			};
		};
		23FC1E4B2449D2F00077AC76 /* XCRemoteSwiftPackageReference "OAuth2" */ = {
			isa = XCRemoteSwiftPackageReference;
			repositoryURL = "https://github.com/p2/OAuth2";
			requirement = {
				kind = upToNextMajorVersion;
				minimumVersion = 5.2.0;
			};
		};
		23FC1E542449DCF90077AC76 /* XCRemoteSwiftPackageReference "Moya" */ = {
			isa = XCRemoteSwiftPackageReference;
			repositoryURL = "https://github.com/Moya/Moya.git";
			requirement = {
				kind = upToNextMajorVersion;
				minimumVersion = 14.0.0;
			};
		};
/* End XCRemoteSwiftPackageReference section */

/* Begin XCSwiftPackageProductDependency section */
		23FC1E492449D2720077AC76 /* Alamofire */ = {
			isa = XCSwiftPackageProductDependency;
			package = 23FC1E482449D2720077AC76 /* XCRemoteSwiftPackageReference "Alamofire" */;
			productName = Alamofire;
		};
		23FC1E4C2449D2F00077AC76 /* OAuth2 */ = {
			isa = XCSwiftPackageProductDependency;
			package = 23FC1E4B2449D2F00077AC76 /* XCRemoteSwiftPackageReference "OAuth2" */;
			productName = OAuth2;
		};
		23FC1E502449D8010077AC76 /* OAuth2 */ = {
			isa = XCSwiftPackageProductDependency;
			package = 23FC1E4B2449D2F00077AC76 /* XCRemoteSwiftPackageReference "OAuth2" */;
			productName = OAuth2;
		};
		23FC1E522449D80C0077AC76 /* Alamofire */ = {
			isa = XCSwiftPackageProductDependency;
			package = 23FC1E482449D2720077AC76 /* XCRemoteSwiftPackageReference "Alamofire" */;
			productName = Alamofire;
		};
		23FC1E552449DCF90077AC76 /* Moya */ = {
			isa = XCSwiftPackageProductDependency;
			package = 23FC1E542449DCF90077AC76 /* XCRemoteSwiftPackageReference "Moya" */;
			productName = Moya;
		};
/* End XCSwiftPackageProductDependency section */
	};
	rootObject = 234AC63A2440A45E000D15AD /* Project object */;
}
